
Microsoft Visual Studio Solution File, Format Version 12.00
# Visual Studio Version 17
VisualStudioVersion = 17.5.33502.453
MinimumVisualStudioVersion = 10.0.40219.1
Project("{FAE04EC0-301F-11D3-BF4B-00C04F79EFBC}") = "AddressBookSystemUsingLINQ", "AddressBookSystemUsingLINQ.csproj", "{18C25072-5055-4782-9593-60C0EEF52539}"
EndProject
Global
	GlobalSection(SolutionConfigurationPlatforms) = preSolution
		Debug|Any CPU = Debug|Any CPU
		Release|Any CPU = Release|Any CPU
	EndGlobalSection
	GlobalSection(ProjectConfigurationPlatforms) = postSolution
		{18C25072-5055-4782-9593-60C0EEF52539}.Debug|Any CPU.ActiveCfg = Debug|Any CPU
		{18C25072-5055-4782-9593-60C0EEF52539}.Debug|Any CPU.Build.0 = Debug|Any CPU
		{18C25072-5055-4782-9593-60C0EEF52539}.Release|Any CPU.ActiveCfg = Release|Any CPU
		{18C25072-5055-4782-9593-60C0EEF52539}.Release|Any CPU.Build.0 = Release|Any CPU
	EndGlobalSection
	GlobalSection(SolutionProperties) = preSolution
		HideSolutionNode = FALSE
	EndGlobalSection
	GlobalSection(ExtensibilityGlobals) = postSolution
		SolutionGuid = {8E876B7F-8FDE-4EB2-8A4A-E2E5E0741EBC}
	EndGlobalSection
EndGlobal
